// !$*UTF8*$!
{
	archiveVersion = 1;
	classes = {
	};
	objectVersion = 60;
	objects = {

/* Begin PBXBuildFile section */
		430CC50E2C0BCA0A00D7AC30 /* EdgeSegmentation in Frameworks */ = {isa = PBXBuildFile; productRef = 430CC50D2C0BCA0A00D7AC30 /* EdgeSegmentation */; };
		430CC5152C0C967A00D7AC30 /* ImageSegmentationView_Previews.swift in Sources */ = {isa = PBXBuildFile; fileRef = 430CC5112C0C967A00D7AC30 /* ImageSegmentationView_Previews.swift */; };
		430CC5162C0C967A00D7AC30 /* SegmentationView_Previews.swift in Sources */ = {isa = PBXBuildFile; fileRef = 430CC5122C0C967A00D7AC30 /* SegmentationView_Previews.swift */; };
		430CC51E2C0EEDD200D7AC30 /* SingleSegmentationView.swift in Sources */ = {isa = PBXBuildFile; fileRef = 430CC51D2C0EEDD200D7AC30 /* SingleSegmentationView.swift */; };
		430CC5202C0EEF7700D7AC30 /* BatchSegmentationView.swift in Sources */ = {isa = PBXBuildFile; fileRef = 430CC51F2C0EEF7700D7AC30 /* BatchSegmentationView.swift */; };
		430CC5282C0F9E7C00D7AC30 /* EdgeSegmentationDemoTests.swift in Sources */ = {isa = PBXBuildFile; fileRef = 430CC5272C0F9E7C00D7AC30 /* EdgeSegmentationDemoTests.swift */; };
		430CC52F2C0F9F7400D7AC30 /* BundleProvider.swift in Sources */ = {isa = PBXBuildFile; fileRef = 430CC52E2C0F9F7400D7AC30 /* BundleProvider.swift */; };
		43451D0B2BFA87D60080C356 /* EdgeSegmentationTestApp.swift in Sources */ = {isa = PBXBuildFile; fileRef = 43451D0A2BFA87D60080C356 /* EdgeSegmentationTestApp.swift */; };
		43451D0D2BFA87D60080C356 /* ContentView.swift in Sources */ = {isa = PBXBuildFile; fileRef = 43451D0C2BFA87D60080C356 /* ContentView.swift */; };
		43451D0F2BFA87D70080C356 /* Assets.xcassets in Resources */ = {isa = PBXBuildFile; fileRef = 43451D0E2BFA87D70080C356 /* Assets.xcassets */; };
		43451D122BFA87D70080C356 /* Preview Assets.xcassets in Resources */ = {isa = PBXBuildFile; fileRef = 43451D112BFA87D70080C356 /* Preview Assets.xcassets */; };
/* End PBXBuildFile section */

/* Begin PBXContainerItemProxy section */
		430CC5292C0F9E7C00D7AC30 /* PBXContainerItemProxy */ = {
			isa = PBXContainerItemProxy;
			containerPortal = 43451CFF2BFA87D60080C356 /* Project object */;
			proxyType = 1;
			remoteGlobalIDString = 43451D062BFA87D60080C356;
			remoteInfo = EdgeSegmentationDemo;
		};
/* End PBXContainerItemProxy section */

/* Begin PBXFileReference section */
		430CC5112C0C967A00D7AC30 /* ImageSegmentationView_Previews.swift */ = {isa = PBXFileReference; fileEncoding = 4; lastKnownFileType = sourcecode.swift; path = ImageSegmentationView_Previews.swift; sourceTree = "<group>"; };
		430CC5122C0C967A00D7AC30 /* SegmentationView_Previews.swift */ = {isa = PBXFileReference; fileEncoding = 4; lastKnownFileType = sourcecode.swift; path = SegmentationView_Previews.swift; sourceTree = "<group>"; };
		430CC51D2C0EEDD200D7AC30 /* SingleSegmentationView.swift */ = {isa = PBXFileReference; lastKnownFileType = sourcecode.swift; path = SingleSegmentationView.swift; sourceTree = "<group>"; };
		430CC51F2C0EEF7700D7AC30 /* BatchSegmentationView.swift */ = {isa = PBXFileReference; lastKnownFileType = sourcecode.swift; path = BatchSegmentationView.swift; sourceTree = "<group>"; };
		430CC5252C0F9E7C00D7AC30 /* EdgeSegmentationDemoTests.xctest */ = {isa = PBXFileReference; explicitFileType = wrapper.cfbundle; includeInIndex = 0; path = EdgeSegmentationDemoTests.xctest; sourceTree = BUILT_PRODUCTS_DIR; };
		430CC5272C0F9E7C00D7AC30 /* EdgeSegmentationDemoTests.swift */ = {isa = PBXFileReference; lastKnownFileType = sourcecode.swift; path = EdgeSegmentationDemoTests.swift; sourceTree = "<group>"; };
		430CC52E2C0F9F7400D7AC30 /* BundleProvider.swift */ = {isa = PBXFileReference; lastKnownFileType = sourcecode.swift; path = BundleProvider.swift; sourceTree = "<group>"; };
		43451D072BFA87D60080C356 /* EdgeSegmentationDemo.app */ = {isa = PBXFileReference; explicitFileType = wrapper.application; includeInIndex = 0; path = EdgeSegmentationDemo.app; sourceTree = BUILT_PRODUCTS_DIR; };
		43451D0A2BFA87D60080C356 /* EdgeSegmentationTestApp.swift */ = {isa = PBXFileReference; lastKnownFileType = sourcecode.swift; path = EdgeSegmentationTestApp.swift; sourceTree = "<group>"; };
		43451D0C2BFA87D60080C356 /* ContentView.swift */ = {isa = PBXFileReference; lastKnownFileType = sourcecode.swift; path = ContentView.swift; sourceTree = "<group>"; };
		43451D0E2BFA87D70080C356 /* Assets.xcassets */ = {isa = PBXFileReference; lastKnownFileType = folder.assetcatalog; path = Assets.xcassets; sourceTree = "<group>"; };
		43451D112BFA87D70080C356 /* Preview Assets.xcassets */ = {isa = PBXFileReference; lastKnownFileType = folder.assetcatalog; path = "Preview Assets.xcassets"; sourceTree = "<group>"; };
/* End PBXFileReference section */

/* Begin PBXFrameworksBuildPhase section */
		430CC5222C0F9E7C00D7AC30 /* Frameworks */ = {
			isa = PBXFrameworksBuildPhase;
			buildActionMask = 2147483647;
			files = (
			);
			runOnlyForDeploymentPostprocessing = 0;
		};
		43451D042BFA87D60080C356 /* Frameworks */ = {
			isa = PBXFrameworksBuildPhase;
			buildActionMask = 2147483647;
			files = (
				430CC50E2C0BCA0A00D7AC30 /* EdgeSegmentation in Frameworks */,
			);
			runOnlyForDeploymentPostprocessing = 0;
		};
/* End PBXFrameworksBuildPhase section */

/* Begin PBXGroup section */
		430CC50C2C0BCA0A00D7AC30 /* Frameworks */ = {
			isa = PBXGroup;
			children = (
			);
			name = Frameworks;
			sourceTree = "<group>";
		};
		430CC5132C0C967A00D7AC30 /* Previews */ = {
			isa = PBXGroup;
			children = (
				430CC5112C0C967A00D7AC30 /* ImageSegmentationView_Previews.swift */,
				430CC5122C0C967A00D7AC30 /* SegmentationView_Previews.swift */,
			);
			path = Previews;
			sourceTree = "<group>";
		};
		430CC5262C0F9E7C00D7AC30 /* EdgeSegmentationDemoTests */ = {
			isa = PBXGroup;
			children = (
				430CC5272C0F9E7C00D7AC30 /* EdgeSegmentationDemoTests.swift */,
			);
			path = EdgeSegmentationDemoTests;
			sourceTree = "<group>";
		};
		43451CFE2BFA87D60080C356 = {
			isa = PBXGroup;
			children = (
				43451D092BFA87D60080C356 /* EdgeSegmentationDemo */,
				430CC5262C0F9E7C00D7AC30 /* EdgeSegmentationDemoTests */,
				43451D082BFA87D60080C356 /* Products */,
				430CC50C2C0BCA0A00D7AC30 /* Frameworks */,
			);
			sourceTree = "<group>";
		};
		43451D082BFA87D60080C356 /* Products */ = {
			isa = PBXGroup;
			children = (
				43451D072BFA87D60080C356 /* EdgeSegmentationDemo.app */,
				430CC5252C0F9E7C00D7AC30 /* EdgeSegmentationDemoTests.xctest */,
			);
			name = Products;
			sourceTree = "<group>";
		};
		43451D092BFA87D60080C356 /* EdgeSegmentationDemo */ = {
			isa = PBXGroup;
			children = (
				430CC5132C0C967A00D7AC30 /* Previews */,
				43451D0A2BFA87D60080C356 /* EdgeSegmentationTestApp.swift */,
				43451D0C2BFA87D60080C356 /* ContentView.swift */,
				430CC51D2C0EEDD200D7AC30 /* SingleSegmentationView.swift */,
				430CC51F2C0EEF7700D7AC30 /* BatchSegmentationView.swift */,
				43451D0E2BFA87D70080C356 /* Assets.xcassets */,
				43451D102BFA87D70080C356 /* Preview Content */,
				430CC52E2C0F9F7400D7AC30 /* BundleProvider.swift */,
			);
			path = EdgeSegmentationDemo;
			sourceTree = "<group>";
		};
		43451D102BFA87D70080C356 /* Preview Content */ = {
			isa = PBXGroup;
			children = (
				43451D112BFA87D70080C356 /* Preview Assets.xcassets */,
			);
			path = "Preview Content";
			sourceTree = "<group>";
		};
/* End PBXGroup section */

/* Begin PBXNativeTarget section */
		430CC5242C0F9E7C00D7AC30 /* EdgeSegmentationDemoTests */ = {
			isa = PBXNativeTarget;
			buildConfigurationList = 430CC52D2C0F9E7C00D7AC30 /* Build configuration list for PBXNativeTarget "EdgeSegmentationDemoTests" */;
			buildPhases = (
				430CC5212C0F9E7C00D7AC30 /* Sources */,
				430CC5222C0F9E7C00D7AC30 /* Frameworks */,
				430CC5232C0F9E7C00D7AC30 /* Resources */,
			);
			buildRules = (
			);
			dependencies = (
				430CC52A2C0F9E7C00D7AC30 /* PBXTargetDependency */,
			);
			name = EdgeSegmentationDemoTests;
			productName = EdgeSegmentationDemoTests;
			productReference = 430CC5252C0F9E7C00D7AC30 /* EdgeSegmentationDemoTests.xctest */;
			productType = "com.apple.product-type.bundle.unit-test";
		};
		43451D062BFA87D60080C356 /* EdgeSegmentationDemo */ = {
			isa = PBXNativeTarget;
			buildConfigurationList = 43451D152BFA87D70080C356 /* Build configuration list for PBXNativeTarget "EdgeSegmentationDemo" */;
			buildPhases = (
				43451D032BFA87D60080C356 /* Sources */,
				43451D042BFA87D60080C356 /* Frameworks */,
				43451D052BFA87D60080C356 /* Resources */,
			);
			buildRules = (
			);
			dependencies = (
			);
			name = EdgeSegmentationDemo;
			packageProductDependencies = (
				430CC50D2C0BCA0A00D7AC30 /* EdgeSegmentation */,
			);
			productName = EdgeSegmentationTest;
			productReference = 43451D072BFA87D60080C356 /* EdgeSegmentationDemo.app */;
			productType = "com.apple.product-type.application";
		};
/* End PBXNativeTarget section */

/* Begin PBXProject section */
		43451CFF2BFA87D60080C356 /* Project object */ = {
			isa = PBXProject;
			attributes = {
				BuildIndependentTargetsInParallel = 1;
				LastSwiftUpdateCheck = 1530;
				LastUpgradeCheck = 1530;
				TargetAttributes = {
					430CC5242C0F9E7C00D7AC30 = {
						CreatedOnToolsVersion = 15.3;
						TestTargetID = 43451D062BFA87D60080C356;
					};
					43451D062BFA87D60080C356 = {
						CreatedOnToolsVersion = 15.3;
					};
				};
			};
			buildConfigurationList = 43451D022BFA87D60080C356 /* Build configuration list for PBXProject "EdgeSegmentationDemo" */;
			compatibilityVersion = "Xcode 14.0";
			developmentRegion = en;
			hasScannedForEncodings = 0;
			knownRegions = (
				en,
				Base,
			);
			mainGroup = 43451CFE2BFA87D60080C356;
			packageReferences = (
				43451D182BFA88170080C356 /* XCLocalSwiftPackageReference "../EdgeSegmentation" */,
			);
			productRefGroup = 43451D082BFA87D60080C356 /* Products */;
			projectDirPath = "";
			projectRoot = "";
			targets = (
				43451D062BFA87D60080C356 /* EdgeSegmentationDemo */,
				430CC5242C0F9E7C00D7AC30 /* EdgeSegmentationDemoTests */,
			);
		};
/* End PBXProject section */

/* Begin PBXResourcesBuildPhase section */
		430CC5232C0F9E7C00D7AC30 /* Resources */ = {
			isa = PBXResourcesBuildPhase;
			buildActionMask = 2147483647;
			files = (
			);
			runOnlyForDeploymentPostprocessing = 0;
		};
		43451D052BFA87D60080C356 /* Resources */ = {
			isa = PBXResourcesBuildPhase;
			buildActionMask = 2147483647;
			files = (
				43451D122BFA87D70080C356 /* Preview Assets.xcassets in Resources */,
				43451D0F2BFA87D70080C356 /* Assets.xcassets in Resources */,
			);
			runOnlyForDeploymentPostprocessing = 0;
		};
/* End PBXResourcesBuildPhase section */

/* Begin PBXSourcesBuildPhase section */
		430CC5212C0F9E7C00D7AC30 /* Sources */ = {
			isa = PBXSourcesBuildPhase;
			buildActionMask = 2147483647;
			files = (
				430CC5282C0F9E7C00D7AC30 /* EdgeSegmentationDemoTests.swift in Sources */,
			);
			runOnlyForDeploymentPostprocessing = 0;
		};
		43451D032BFA87D60080C356 /* Sources */ = {
			isa = PBXSourcesBuildPhase;
			buildActionMask = 2147483647;
			files = (
				430CC51E2C0EEDD200D7AC30 /* SingleSegmentationView.swift in Sources */,
				430CC5162C0C967A00D7AC30 /* SegmentationView_Previews.swift in Sources */,
				430CC52F2C0F9F7400D7AC30 /* BundleProvider.swift in Sources */,
				43451D0D2BFA87D60080C356 /* ContentView.swift in Sources */,
				43451D0B2BFA87D60080C356 /* EdgeSegmentationTestApp.swift in Sources */,
				430CC5152C0C967A00D7AC30 /* ImageSegmentationView_Previews.swift in Sources */,
				430CC5202C0EEF7700D7AC30 /* BatchSegmentationView.swift in Sources */,
			);
			runOnlyForDeploymentPostprocessing = 0;
		};
/* End PBXSourcesBuildPhase section */

/* Begin PBXTargetDependency section */
		430CC52A2C0F9E7C00D7AC30 /* PBXTargetDependency */ = {
			isa = PBXTargetDependency;
			target = 43451D062BFA87D60080C356 /* EdgeSegmentationDemo */;
			targetProxy = 430CC5292C0F9E7C00D7AC30 /* PBXContainerItemProxy */;
		};
/* End PBXTargetDependency section */

/* Begin XCBuildConfiguration section */
		430CC52B2C0F9E7C00D7AC30 /* Debug */ = {
			isa = XCBuildConfiguration;
			buildSettings = {
				BUNDLE_LOADER = "$(TEST_HOST)";
				CODE_SIGN_STYLE = Automatic;
				CURRENT_PROJECT_VERSION = 1;
				DEVELOPMENT_TEAM = 4MWY9CVYY2;
				GENERATE_INFOPLIST_FILE = YES;
				MARKETING_VERSION = 1.0;
				PRODUCT_BUNDLE_IDENTIFIER = com.pittscraft.EdgeSegmentationDemoTests;
				PRODUCT_NAME = "$(TARGET_NAME)";
				SWIFT_EMIT_LOC_STRINGS = NO;
				SWIFT_VERSION = 5.0;
				TARGETED_DEVICE_FAMILY = "1,2";
				TEST_HOST = "$(BUILT_PRODUCTS_DIR)/EdgeSegmentationDemo.app/$(BUNDLE_EXECUTABLE_FOLDER_PATH)/EdgeSegmentationDemo";
			};
			name = Debug;
		};
		430CC52C2C0F9E7C00D7AC30 /* Release */ = {
			isa = XCBuildConfiguration;
			buildSettings = {
				BUNDLE_LOADER = "$(TEST_HOST)";
				CODE_SIGN_STYLE = Automatic;
				CURRENT_PROJECT_VERSION = 1;
				DEVELOPMENT_TEAM = 4MWY9CVYY2;
				GENERATE_INFOPLIST_FILE = YES;
				MARKETING_VERSION = 1.0;
				PRODUCT_BUNDLE_IDENTIFIER = com.pittscraft.EdgeSegmentationDemoTests;
				PRODUCT_NAME = "$(TARGET_NAME)";
				SWIFT_EMIT_LOC_STRINGS = NO;
				SWIFT_VERSION = 5.0;
				TARGETED_DEVICE_FAMILY = "1,2";
				TEST_HOST = "$(BUILT_PRODUCTS_DIR)/EdgeSegmentationDemo.app/$(BUNDLE_EXECUTABLE_FOLDER_PATH)/EdgeSegmentationDemo";
			};
			name = Release;
		};
		43451D132BFA87D70080C356 /* Debug */ = {
			isa = XCBuildConfiguration;
			buildSettings = {
				ALWAYS_SEARCH_USER_PATHS = NO;
				ASSETCATALOG_COMPILER_GENERATE_SWIFT_ASSET_SYMBOL_EXTENSIONS = YES;
				CLANG_ANALYZER_NONNULL = YES;
				CLANG_ANALYZER_NUMBER_OBJECT_CONVERSION = YES_AGGRESSIVE;
				CLANG_CXX_LANGUAGE_STANDARD = "gnu++20";
				CLANG_ENABLE_MODULES = YES;
				CLANG_ENABLE_OBJC_ARC = YES;
				CLANG_ENABLE_OBJC_WEAK = YES;
				CLANG_WARN_BLOCK_CAPTURE_AUTORELEASING = YES;
				CLANG_WARN_BOOL_CONVERSION = YES;
				CLANG_WARN_COMMA = YES;
				CLANG_WARN_CONSTANT_CONVERSION = YES;
				CLANG_WARN_DEPRECATED_OBJC_IMPLEMENTATIONS = YES;
				CLANG_WARN_DIRECT_OBJC_ISA_USAGE = YES_ERROR;
				CLANG_WARN_DOCUMENTATION_COMMENTS = YES;
				CLANG_WARN_EMPTY_BODY = YES;
				CLANG_WARN_ENUM_CONVERSION = YES;
				CLANG_WARN_INFINITE_RECURSION = YES;
				CLANG_WARN_INT_CONVERSION = YES;
				CLANG_WARN_NON_LITERAL_NULL_CONVERSION = YES;
				CLANG_WARN_OBJC_IMPLICIT_RETAIN_SELF = YES;
				CLANG_WARN_OBJC_LITERAL_CONVERSION = YES;
				CLANG_WARN_OBJC_ROOT_CLASS = YES_ERROR;
				CLANG_WARN_QUOTED_INCLUDE_IN_FRAMEWORK_HEADER = YES;
				CLANG_WARN_RANGE_LOOP_ANALYSIS = YES;
				CLANG_WARN_STRICT_PROTOTYPES = YES;
				CLANG_WARN_SUSPICIOUS_MOVE = YES;
				CLANG_WARN_UNGUARDED_AVAILABILITY = YES_AGGRESSIVE;
				CLANG_WARN_UNREACHABLE_CODE = YES;
				CLANG_WARN__DUPLICATE_METHOD_MATCH = YES;
				COPY_PHASE_STRIP = NO;
				DEBUG_INFORMATION_FORMAT = dwarf;
				ENABLE_STRICT_OBJC_MSGSEND = YES;
				ENABLE_TESTABILITY = YES;
				ENABLE_USER_SCRIPT_SANDBOXING = YES;
				GCC_C_LANGUAGE_STANDARD = gnu17;
				GCC_DYNAMIC_NO_PIC = NO;
				GCC_NO_COMMON_BLOCKS = YES;
				GCC_OPTIMIZATION_LEVEL = 0;
				GCC_PREPROCESSOR_DEFINITIONS = (
					"DEBUG=1",
					"$(inherited)",
				);
				GCC_WARN_64_TO_32_BIT_CONVERSION = YES;
				GCC_WARN_ABOUT_RETURN_TYPE = YES_ERROR;
				GCC_WARN_UNDECLARED_SELECTOR = YES;
				GCC_WARN_UNINITIALIZED_AUTOS = YES_AGGRESSIVE;
				GCC_WARN_UNUSED_FUNCTION = YES;
				GCC_WARN_UNUSED_VARIABLE = YES;
				IPHONEOS_DEPLOYMENT_TARGET = 17.4;
				LOCALIZATION_PREFERS_STRING_CATALOGS = YES;
				MTL_ENABLE_DEBUG_INFO = INCLUDE_SOURCE;
				MTL_FAST_MATH = YES;
				ONLY_ACTIVE_ARCH = YES;
				SDKROOT = iphoneos;
				SWIFT_ACTIVE_COMPILATION_CONDITIONS = "DEBUG $(inherited)";
				SWIFT_OPTIMIZATION_LEVEL = "-Onone";
			};
			name = Debug;
		};
		43451D142BFA87D70080C356 /* Release */ = {
			isa = XCBuildConfiguration;
			buildSettings = {
				ALWAYS_SEARCH_USER_PATHS = NO;
				ASSETCATALOG_COMPILER_GENERATE_SWIFT_ASSET_SYMBOL_EXTENSIONS = YES;
				CLANG_ANALYZER_NONNULL = YES;
				CLANG_ANALYZER_NUMBER_OBJECT_CONVERSION = YES_AGGRESSIVE;
				CLANG_CXX_LANGUAGE_STANDARD = "gnu++20";
				CLANG_ENABLE_MODULES = YES;
				CLANG_ENABLE_OBJC_ARC = YES;
				CLANG_ENABLE_OBJC_WEAK = YES;
				CLANG_WARN_BLOCK_CAPTURE_AUTORELEASING = YES;
				CLANG_WARN_BOOL_CONVERSION = YES;
				CLANG_WARN_COMMA = YES;
				CLANG_WARN_CONSTANT_CONVERSION = YES;
				CLANG_WARN_DEPRECATED_OBJC_IMPLEMENTATIONS = YES;
				CLANG_WARN_DIRECT_OBJC_ISA_USAGE = YES_ERROR;
				CLANG_WARN_DOCUMENTATION_COMMENTS = YES;
				CLANG_WARN_EMPTY_BODY = YES;
				CLANG_WARN_ENUM_CONVERSION = YES;
				CLANG_WARN_INFINITE_RECURSION = YES;
				CLANG_WARN_INT_CONVERSION = YES;
				CLANG_WARN_NON_LITERAL_NULL_CONVERSION = YES;
				CLANG_WARN_OBJC_IMPLICIT_RETAIN_SELF = YES;
				CLANG_WARN_OBJC_LITERAL_CONVERSION = YES;
				CLANG_WARN_OBJC_ROOT_CLASS = YES_ERROR;
				CLANG_WARN_QUOTED_INCLUDE_IN_FRAMEWORK_HEADER = YES;
				CLANG_WARN_RANGE_LOOP_ANALYSIS = YES;
				CLANG_WARN_STRICT_PROTOTYPES = YES;
				CLANG_WARN_SUSPICIOUS_MOVE = YES;
				CLANG_WARN_UNGUARDED_AVAILABILITY = YES_AGGRESSIVE;
				CLANG_WARN_UNREACHABLE_CODE = YES;
				CLANG_WARN__DUPLICATE_METHOD_MATCH = YES;
				COPY_PHASE_STRIP = NO;
				DEBUG_INFORMATION_FORMAT = "dwarf-with-dsym";
				ENABLE_NS_ASSERTIONS = NO;
				ENABLE_STRICT_OBJC_MSGSEND = YES;
				ENABLE_USER_SCRIPT_SANDBOXING = YES;
				GCC_C_LANGUAGE_STANDARD = gnu17;
				GCC_NO_COMMON_BLOCKS = YES;
				GCC_WARN_64_TO_32_BIT_CONVERSION = YES;
				GCC_WARN_ABOUT_RETURN_TYPE = YES_ERROR;
				GCC_WARN_UNDECLARED_SELECTOR = YES;
				GCC_WARN_UNINITIALIZED_AUTOS = YES_AGGRESSIVE;
				GCC_WARN_UNUSED_FUNCTION = YES;
				GCC_WARN_UNUSED_VARIABLE = YES;
				IPHONEOS_DEPLOYMENT_TARGET = 17.4;
				LOCALIZATION_PREFERS_STRING_CATALOGS = YES;
				MTL_ENABLE_DEBUG_INFO = NO;
				MTL_FAST_MATH = YES;
				SDKROOT = iphoneos;
				SWIFT_COMPILATION_MODE = wholemodule;
				VALIDATE_PRODUCT = YES;
			};
			name = Release;
		};
		43451D162BFA87D70080C356 /* Debug */ = {
			isa = XCBuildConfiguration;
			buildSettings = {
				ASSETCATALOG_COMPILER_APPICON_NAME = AppIcon;
				ASSETCATALOG_COMPILER_GLOBAL_ACCENT_COLOR_NAME = AccentColor;
				CODE_SIGN_STYLE = Automatic;
				CURRENT_PROJECT_VERSION = 1;
				DEVELOPMENT_ASSET_PATHS = "\"EdgeSegmentationDemo/Preview Content\"";
				DEVELOPMENT_TEAM = 4MWY9CVYY2;
				ENABLE_PREVIEWS = YES;
				GENERATE_INFOPLIST_FILE = YES;
				INFOPLIST_KEY_UIApplicationSceneManifest_Generation = YES;
				INFOPLIST_KEY_UIApplicationSupportsIndirectInputEvents = YES;
				INFOPLIST_KEY_UILaunchScreen_Generation = YES;
				INFOPLIST_KEY_UISupportedInterfaceOrientations_iPad = "UIInterfaceOrientationPortrait UIInterfaceOrientationPortraitUpsideDown UIInterfaceOrientationLandscapeLeft UIInterfaceOrientationLandscapeRight";
				INFOPLIST_KEY_UISupportedInterfaceOrientations_iPhone = "UIInterfaceOrientationPortrait UIInterfaceOrientationLandscapeLeft UIInterfaceOrientationLandscapeRight";
				LD_RUNPATH_SEARCH_PATHS = (
					"$(inherited)",
					"@executable_path/Frameworks",
				);
				MARKETING_VERSION = 1.0;
				PRODUCT_BUNDLE_IDENTIFIER = com.pittscraft.EdgeSegmentationTest;
				PRODUCT_NAME = "$(TARGET_NAME)";
				SWIFT_EMIT_LOC_STRINGS = YES;
				SWIFT_VERSION = 5.0;
				TARGETED_DEVICE_FAMILY = "1,2";
			};
			name = Debug;
		};
		43451D172BFA87D70080C356 /* Release */ = {
			isa = XCBuildConfiguration;
			buildSettings = {
				ASSETCATALOG_COMPILER_APPICON_NAME = AppIcon;
				ASSETCATALOG_COMPILER_GLOBAL_ACCENT_COLOR_NAME = AccentColor;
				CODE_SIGN_STYLE = Automatic;
				CURRENT_PROJECT_VERSION = 1;
				DEVELOPMENT_ASSET_PATHS = "\"EdgeSegmentationDemo/Preview Content\"";
				DEVELOPMENT_TEAM = 4MWY9CVYY2;
				ENABLE_PREVIEWS = YES;
				GENERATE_INFOPLIST_FILE = YES;
				INFOPLIST_KEY_UIApplicationSceneManifest_Generation = YES;
				INFOPLIST_KEY_UIApplicationSupportsIndirectInputEvents = YES;
				INFOPLIST_KEY_UILaunchScreen_Generation = YES;
				INFOPLIST_KEY_UISupportedInterfaceOrientations_iPad = "UIInterfaceOrientationPortrait UIInterfaceOrientationPortraitUpsideDown UIInterfaceOrientationLandscapeLeft UIInterfaceOrientationLandscapeRight";
				INFOPLIST_KEY_UISupportedInterfaceOrientations_iPhone = "UIInterfaceOrientationPortrait UIInterfaceOrientationLandscapeLeft UIInterfaceOrientationLandscapeRight";
				LD_RUNPATH_SEARCH_PATHS = (
					"$(inherited)",
					"@executable_path/Frameworks",
				);
				MARKETING_VERSION = 1.0;
				PRODUCT_BUNDLE_IDENTIFIER = com.pittscraft.EdgeSegmentationTest;
				PRODUCT_NAME = "$(TARGET_NAME)";
				SWIFT_EMIT_LOC_STRINGS = YES;
				SWIFT_VERSION = 5.0;
				TARGETED_DEVICE_FAMILY = "1,2";
			};
			name = Release;
		};
/* End XCBuildConfiguration section */

/* Begin XCConfigurationList section */
		430CC52D2C0F9E7C00D7AC30 /* Build configuration list for PBXNativeTarget "EdgeSegmentationDemoTests" */ = {
			isa = XCConfigurationList;
			buildConfigurations = (
				430CC52B2C0F9E7C00D7AC30 /* Debug */,
				430CC52C2C0F9E7C00D7AC30 /* Release */,
			);
			defaultConfigurationIsVisible = 0;
			defaultConfigurationName = Release;
		};
		43451D022BFA87D60080C356 /* Build configuration list for PBXProject "EdgeSegmentationDemo" */ = {
			isa = XCConfigurationList;
			buildConfigurations = (
				43451D132BFA87D70080C356 /* Debug */,
				43451D142BFA87D70080C356 /* Release */,
			);
			defaultConfigurationIsVisible = 0;
			defaultConfigurationName = Release;
		};
		43451D152BFA87D70080C356 /* Build configuration list for PBXNativeTarget "EdgeSegmentationDemo" */ = {
			isa = XCConfigurationList;
			buildConfigurations = (
				43451D162BFA87D70080C356 /* Debug */,
				43451D172BFA87D70080C356 /* Release */,
			);
			defaultConfigurationIsVisible = 0;
			defaultConfigurationName = Release;
		};
/* End XCConfigurationList section */

/* Begin XCLocalSwiftPackageReference section */
		43451D182BFA88170080C356 /* XCLocalSwiftPackageReference "../EdgeSegmentation" */ = {
			isa = XCLocalSwiftPackageReference;
			relativePath = ../EdgeSegmentation;
		};
/* End XCLocalSwiftPackageReference section */

/* Begin XCSwiftPackageProductDependency section */
		430CC50D2C0BCA0A00D7AC30 /* EdgeSegmentation */ = {
			isa = XCSwiftPackageProductDependency;
			package = 43451D182BFA88170080C356 /* XCLocalSwiftPackageReference "../EdgeSegmentation" */;
			productName = EdgeSegmentation;
		};
/* End XCSwiftPackageProductDependency section */
	};
	rootObject = 43451CFF2BFA87D60080C356 /* Project object */;
}
